
Microsoft Visual Studio Solution File, Format Version 12.00
# Visual Studio 15
VisualStudioVersion = 15.0.26124.0
MinimumVisualStudioVersion = 15.0.26124.0
Project("{FAE04EC0-301F-11D3-BF4B-00C04F79EFBC}") = "Domain", "Domain\Domain.csproj", "{43F613B1-D45E-4BA4-A37A-78ACE4B69677}"
EndProject
Project("{FAE04EC0-301F-11D3-BF4B-00C04F79EFBC}") = "Application", "Application\Application.csproj", "{F3B5C09F-D3D5-4082-9A2B-DE6209E207FC}"
EndProject
Project("{FAE04EC0-301F-11D3-BF4B-00C04F79EFBC}") = "Persistence", "Persistence\Persistence.csproj", "{CE6AEAEE-1734-4F52-A1D7-5CA109BB0672}"
EndProject
Project("{FAE04EC0-301F-11D3-BF4B-00C04F79EFBC}") = "API", "API\API.csproj", "{93C7E5F0-D316-42D0-BDE3-9033947AD5CA}"
EndProject
Global
	GlobalSection(SolutionConfigurationPlatforms) = preSolution
		Debug|Any CPU = Debug|Any CPU
		Debug|x64 = Debug|x64
		Debug|x86 = Debug|x86
		Release|Any CPU = Release|Any CPU
		Release|x64 = Release|x64
		Release|x86 = Release|x86
	EndGlobalSection
	GlobalSection(SolutionProperties) = preSolution
		HideSolutionNode = FALSE
	EndGlobalSection
	GlobalSection(ProjectConfigurationPlatforms) = postSolution
		{43F613B1-D45E-4BA4-A37A-78ACE4B69677}.Debug|Any CPU.ActiveCfg = Debug|Any CPU
		{43F613B1-D45E-4BA4-A37A-78ACE4B69677}.Debug|Any CPU.Build.0 = Debug|Any CPU
		{43F613B1-D45E-4BA4-A37A-78ACE4B69677}.Debug|x64.ActiveCfg = Debug|Any CPU
		{43F613B1-D45E-4BA4-A37A-78ACE4B69677}.Debug|x64.Build.0 = Debug|Any CPU
		{43F613B1-D45E-4BA4-A37A-78ACE4B69677}.Debug|x86.ActiveCfg = Debug|Any CPU
		{43F613B1-D45E-4BA4-A37A-78ACE4B69677}.Debug|x86.Build.0 = Debug|Any CPU
		{43F613B1-D45E-4BA4-A37A-78ACE4B69677}.Release|Any CPU.ActiveCfg = Release|Any CPU
		{43F613B1-D45E-4BA4-A37A-78ACE4B69677}.Release|Any CPU.Build.0 = Release|Any CPU
		{43F613B1-D45E-4BA4-A37A-78ACE4B69677}.Release|x64.ActiveCfg = Release|Any CPU
		{43F613B1-D45E-4BA4-A37A-78ACE4B69677}.Release|x64.Build.0 = Release|Any CPU
		{43F613B1-D45E-4BA4-A37A-78ACE4B69677}.Release|x86.ActiveCfg = Release|Any CPU
		{43F613B1-D45E-4BA4-A37A-78ACE4B69677}.Release|x86.Build.0 = Release|Any CPU
		{F3B5C09F-D3D5-4082-9A2B-DE6209E207FC}.Debug|Any CPU.ActiveCfg = Debug|Any CPU
		{F3B5C09F-D3D5-4082-9A2B-DE6209E207FC}.Debug|Any CPU.Build.0 = Debug|Any CPU
		{F3B5C09F-D3D5-4082-9A2B-DE6209E207FC}.Debug|x64.ActiveCfg = Debug|Any CPU
		{F3B5C09F-D3D5-4082-9A2B-DE6209E207FC}.Debug|x64.Build.0 = Debug|Any CPU
		{F3B5C09F-D3D5-4082-9A2B-DE6209E207FC}.Debug|x86.ActiveCfg = Debug|Any CPU
		{F3B5C09F-D3D5-4082-9A2B-DE6209E207FC}.Debug|x86.Build.0 = Debug|Any CPU
		{F3B5C09F-D3D5-4082-9A2B-DE6209E207FC}.Release|Any CPU.ActiveCfg = Release|Any CPU
		{F3B5C09F-D3D5-4082-9A2B-DE6209E207FC}.Release|Any CPU.Build.0 = Release|Any CPU
		{F3B5C09F-D3D5-4082-9A2B-DE6209E207FC}.Release|x64.ActiveCfg = Release|Any CPU
		{F3B5C09F-D3D5-4082-9A2B-DE6209E207FC}.Release|x64.Build.0 = Release|Any CPU
		{F3B5C09F-D3D5-4082-9A2B-DE6209E207FC}.Release|x86.ActiveCfg = Release|Any CPU
		{F3B5C09F-D3D5-4082-9A2B-DE6209E207FC}.Release|x86.Build.0 = Release|Any CPU
		{CE6AEAEE-1734-4F52-A1D7-5CA109BB0672}.Debug|Any CPU.ActiveCfg = Debug|Any CPU
		{CE6AEAEE-1734-4F52-A1D7-5CA109BB0672}.Debug|Any CPU.Build.0 = Debug|Any CPU
		{CE6AEAEE-1734-4F52-A1D7-5CA109BB0672}.Debug|x64.ActiveCfg = Debug|Any CPU
		{CE6AEAEE-1734-4F52-A1D7-5CA109BB0672}.Debug|x64.Build.0 = Debug|Any CPU
		{CE6AEAEE-1734-4F52-A1D7-5CA109BB0672}.Debug|x86.ActiveCfg = Debug|Any CPU
		{CE6AEAEE-1734-4F52-A1D7-5CA109BB0672}.Debug|x86.Build.0 = Debug|Any CPU
		{CE6AEAEE-1734-4F52-A1D7-5CA109BB0672}.Release|Any CPU.ActiveCfg = Release|Any CPU
		{CE6AEAEE-1734-4F52-A1D7-5CA109BB0672}.Release|Any CPU.Build.0 = Release|Any CPU
		{CE6AEAEE-1734-4F52-A1D7-5CA109BB0672}.Release|x64.ActiveCfg = Release|Any CPU
		{CE6AEAEE-1734-4F52-A1D7-5CA109BB0672}.Release|x64.Build.0 = Release|Any CPU
		{CE6AEAEE-1734-4F52-A1D7-5CA109BB0672}.Release|x86.ActiveCfg = Release|Any CPU
		{CE6AEAEE-1734-4F52-A1D7-5CA109BB0672}.Release|x86.Build.0 = Release|Any CPU
		{93C7E5F0-D316-42D0-BDE3-9033947AD5CA}.Debug|Any CPU.ActiveCfg = Debug|Any CPU
		{93C7E5F0-D316-42D0-BDE3-9033947AD5CA}.Debug|Any CPU.Build.0 = Debug|Any CPU
		{93C7E5F0-D316-42D0-BDE3-9033947AD5CA}.Debug|x64.ActiveCfg = Debug|Any CPU
		{93C7E5F0-D316-42D0-BDE3-9033947AD5CA}.Debug|x64.Build.0 = Debug|Any CPU
		{93C7E5F0-D316-42D0-BDE3-9033947AD5CA}.Debug|x86.ActiveCfg = Debug|Any CPU
		{93C7E5F0-D316-42D0-BDE3-9033947AD5CA}.Debug|x86.Build.0 = Debug|Any CPU
		{93C7E5F0-D316-42D0-BDE3-9033947AD5CA}.Release|Any CPU.ActiveCfg = Release|Any CPU
		{93C7E5F0-D316-42D0-BDE3-9033947AD5CA}.Release|Any CPU.Build.0 = Release|Any CPU
		{93C7E5F0-D316-42D0-BDE3-9033947AD5CA}.Release|x64.ActiveCfg = Release|Any CPU
		{93C7E5F0-D316-42D0-BDE3-9033947AD5CA}.Release|x64.Build.0 = Release|Any CPU
		{93C7E5F0-D316-42D0-BDE3-9033947AD5CA}.Release|x86.ActiveCfg = Release|Any CPU
		{93C7E5F0-D316-42D0-BDE3-9033947AD5CA}.Release|x86.Build.0 = Release|Any CPU
	EndGlobalSection
EndGlobal
